// !$*UTF8*$!
{
	archiveVersion = 1;
	classes = {
	};
	objectVersion = 77;
	objects = {

/* Begin PBXBuildFile section */
		023AC74576C19E4DFB77BD8E /* PersonaQuestions.swift in Sources */ = {isa = PBXBuildFile; fileRef = CE9D3A7EC8DAE1EF721A13E4 /* PersonaQuestions.swift */; };
		0343F5A844C6B6B21059B3C3 /* PreviewFeedTests.swift in Sources */ = {isa = PBXBuildFile; fileRef = EC3D9C312B559D84D9692E9F /* PreviewFeedTests.swift */; };
		0BBA30B35AF6AD1711973A57 /* preview.jpg in Resources */ = {isa = PBXBuildFile; fileRef = D185AA5E744DD82671E29E56 /* preview.jpg */; };
		0CD39EBD2E42C3627444B1E6 /* TodayStats.swift in Sources */ = {isa = PBXBuildFile; fileRef = 90FF499C63696F9C19EBAD25 /* TodayStats.swift */; };
		0E2B95DC0CA574191C9B6AD7 /* ProtocolStateLabel.swift in Sources */ = {isa = PBXBuildFile; fileRef = 36F3F795C9A60AB0830B0FC3 /* ProtocolStateLabel.swift */; };
		12B5F6F88BD3EF4657194A09 /* WebSourceTests.swift in Sources */ = {isa = PBXBuildFile; fileRef = 6D98DBF53563BEF901573BB1 /* WebSourceTests.swift */; };
		12C4A074679EE257D402E056 /* PreviewFeed.swift in Sources */ = {isa = PBXBuildFile; fileRef = 475FCE63988058D5D7A493CC /* PreviewFeed.swift */; };
		1740899EEEBCDA46E8E39866 /* LedgerCoalescerTests.swift in Sources */ = {isa = PBXBuildFile; fileRef = 555C3FA2D6763A6135E61DDE /* LedgerCoalescerTests.swift */; };
		17A1599D759C39DF2970D60C /* Theme.swift in Sources */ = {isa = PBXBuildFile; fileRef = 5648C60CCCE2DAEA597B2FEC /* Theme.swift */; };
		1C3F69E9E3840FAAB252F2A2 /* WatchRecoveryTests.swift in Sources */ = {isa = PBXBuildFile; fileRef = 31CEE512CE01EFE286523C23 /* WatchRecoveryTests.swift */; };
		26999A42A5351E71D4F74A33 /* OnboardingStore.swift in Sources */ = {isa = PBXBuildFile; fileRef = 252F43A246CEAF5971A6C8CA /* OnboardingStore.swift */; };
		290FC8893A72237213E91FA0 /* PersonaComposer.swift in Sources */ = {isa = PBXBuildFile; fileRef = 6B72D12F2F62C5EC2D86166A /* PersonaComposer.swift */; };
		298C8DD74BD4AC7990927CD3 /* AddItemView.swift in Sources */ = {isa = PBXBuildFile; fileRef = 1B16D781364F5366E4984DEA /* AddItemView.swift */; };
		2D47A74FAC14C320D1886B5B /* SettingsView.swift in Sources */ = {isa = PBXBuildFile; fileRef = FC2C75102A7E6B02D881985A /* SettingsView.swift */; };
		2E6D3E48C28D6A61940819B2 /* empty_recaps.json in Resources */ = {isa = PBXBuildFile; fileRef = 0836800B5CDB7AB07DD619DA /* empty_recaps.json */; };
		3356AC4E1741CDD7B04CC694 /* WebSource.swift in Sources */ = {isa = PBXBuildFile; fileRef = 3C13CF89D57DE0ABF3076BC0 /* WebSource.swift */; };
		384F4252A8A7101E26849940 /* QuestionListener.swift in Sources */ = {isa = PBXBuildFile; fileRef = 6786913689B235383BC1435E /* QuestionListener.swift */; };
		3A2E3768E5D0172905F6C878 /* SessionsSummaryTests.swift in Sources */ = {isa = PBXBuildFile; fileRef = 1C10907B03C557CA23101740 /* SessionsSummaryTests.swift */; };
		3A4DE9E57CA62038013E8480 /* PrivacyInfo.xcprivacy in Resources */ = {isa = PBXBuildFile; fileRef = 4C2D2229D6D97243DE7447BE /* PrivacyInfo.xcprivacy */; };
		3D927F46280E221E7E2BDACA /* SummaryCard.swift in Sources */ = {isa = PBXBuildFile; fileRef = 559B05FCD80E626C8EA8F515 /* SummaryCard.swift */; };
		3EAB6CAE70F5D227C0C25DDA /* today_episodes.json in Resources */ = {isa = PBXBuildFile; fileRef = 94A9C97FA2A625A5950E617E /* today_episodes.json */; };
		3EB69E73C723937EE1804232 /* recap_today.json in Resources */ = {isa = PBXBuildFile; fileRef = D620E55A873A742A0FCEBF4C /* recap_today.json */; };
		41DE1E0F8273BB34AC077D95 /* LedgerCoalescer.swift in Sources */ = {isa = PBXBuildFile; fileRef = 715F3B168C8A4AF5B79AE260 /* LedgerCoalescer.swift */; };
		422A5B895BC7978C2E587752 /* empty_protocol_today.json in Resources */ = {isa = PBXBuildFile; fileRef = 67D07E1C507BD14D6E5AE6E7 /* empty_protocol_today.json */; };
		47D169FE3B901DCC2A908876 /* APIClient.swift in Sources */ = {isa = PBXBuildFile; fileRef = A1CDD197CD3E40D0BC5B3760 /* APIClient.swift */; };
		491BB792188DDD00746719FB /* PersonaQuestion.swift in Sources */ = {isa = PBXBuildFile; fileRef = 748D9A901BEFC598A8404BC9 /* PersonaQuestion.swift */; };
		49CC45830016BCCB18D833C2 /* ModelsTests.swift in Sources */ = {isa = PBXBuildFile; fileRef = 34CA65A06BE3C5F30E52D1B6 /* ModelsTests.swift */; };
		4B7E48E6EC8539D7B1A0E419 /* WebScreen.swift in Sources */ = {isa = PBXBuildFile; fileRef = E5E87925125E3B1729AE4F38 /* WebScreen.swift */; };
		4C3417B4BFA43C1AFEAC5638 /* BrianApp.swift in Sources */ = {isa = PBXBuildFile; fileRef = 556B6B840C8FD7BC38F4C8B5 /* BrianApp.swift */; };
		4D15E0CDEC009D00AAD70772 /* ProtocolSummary.swift in Sources */ = {isa = PBXBuildFile; fileRef = 6859C0E70A4F1B86BBE2D3AB /* ProtocolSummary.swift */; };
		4E8C49A02C03DE3E77E71110 /* MacLink.swift in Sources */ = {isa = PBXBuildFile; fileRef = 31F9CCC2710A68583F0AB20E /* MacLink.swift */; };
		4F328FF894011FC4712E8959 /* GlassesFactory.swift in Sources */ = {isa = PBXBuildFile; fileRef = 09C05E5F73DB82BC32C24B71 /* GlassesFactory.swift */; };
		531348BD455C08D341B21478 /* OnboardingStoreTests.swift in Sources */ = {isa = PBXBuildFile; fileRef = C45658E09E2105D6D7C79FA0 /* OnboardingStoreTests.swift */; };
		536429869156FBD3D715A05D /* MWDATCamera in Frameworks */ = {isa = PBXBuildFile; productRef = 6E49898F82EA9C2AD4A9EFD6 /* MWDATCamera */; };
		5A6720237EA5B56097D7788C /* HeaderState.swift in Sources */ = {isa = PBXBuildFile; fileRef = 5FE0DFA2A260EB6C1770CE9C /* HeaderState.swift */; };
		5B0F300A3AFFA0DA8F537EF5 /* RecapText.swift in Sources */ = {isa = PBXBuildFile; fileRef = 8730974D2A8DC30A70716AEB /* RecapText.swift */; };
		5B14D33B0DF25A807CE4D9F7 /* RootView.swift in Sources */ = {isa = PBXBuildFile; fileRef = D7A112AAC56185A28D26D0BB /* RootView.swift */; };
		5CEE29F59A396187BA9D0F57 /* ConnectView.swift in Sources */ = {isa = PBXBuildFile; fileRef = 4C637F5B4FB914EB5E14AB90 /* ConnectView.swift */; };
		5E13D9D0F983CF0BE6F312C6 /* LinkGlue.swift in Sources */ = {isa = PBXBuildFile; fileRef = F68ECE541029CD2BDAEF7463 /* LinkGlue.swift */; };
		5E68BC628A4E70878B2AD0C9 /* sessions_today.json in Resources */ = {isa = PBXBuildFile; fileRef = 4743D01CB115F79455C7E114 /* sessions_today.json */; };
		696DB6207F770A8C1A370D18 /* HeaderStateTests.swift in Sources */ = {isa = PBXBuildFile; fileRef = F7429361390E6D18FE85B496 /* HeaderStateTests.swift */; };
		6BB4A78712D24F3098BD96DC /* Assets.xcassets in Resources */ = {isa = PBXBuildFile; fileRef = 2BCADBBF40322D38574CB21D /* Assets.xcassets */; };
		6DF6F0806C8FEA8D351CC62C /* PermissionRow.swift in Sources */ = {isa = PBXBuildFile; fileRef = D929CDFA08FE35AE7F5FA0B5 /* PermissionRow.swift */; };
		80E9B17B19F60C4491CAA879 /* SessionsSummary.swift in Sources */ = {isa = PBXBuildFile; fileRef = 5BF0184ABCFE220381BD6944 /* SessionsSummary.swift */; };
		826F3A446F99A62C3A230B4D /* ServerURLTests.swift in Sources */ = {isa = PBXBuildFile; fileRef = C7BDB86B2CE2D6C1359E16DD /* ServerURLTests.swift */; };
		830D6E805C2E2BE708595955 /* HomeView.swift in Sources */ = {isa = PBXBuildFile; fileRef = 48B7AD40B20697EB8E4A3165 /* HomeView.swift */; };
		854D738D40C85C225ED0CD56 /* CapturePacketSender.swift in Sources */ = {isa = PBXBuildFile; fileRef = B2442304857987547F779481 /* CapturePacketSender.swift */; };
		86796BDB41C34B4FA687BE81 /* Models.swift in Sources */ = {isa = PBXBuildFile; fileRef = 243CABADA8D747304B9AF1F0 /* Models.swift */; };
		89289F56D11A4884FC214E17 /* Ledger.swift in Sources */ = {isa = PBXBuildFile; fileRef = 604221AF2E7C32D465F203C5 /* Ledger.swift */; };
		8ACD724DE73F6B1AAC0C6FEC /* TokenStore.swift in Sources */ = {isa = PBXBuildFile; fileRef = BCE0A9DDD1CA29A38A658BBF /* TokenStore.swift */; };
		8B31BA7161D65257F2AFA3E6 /* empty_today_episodes.json in Resources */ = {isa = PBXBuildFile; fileRef = 355A9E14C4D00393A2A3527D /* empty_today_episodes.json */; };
		8BA9B64DC9E7947726A069CE /* MockGlasses.swift in Sources */ = {isa = PBXBuildFile; fileRef = E4268EFD89C747BD58608C6D /* MockGlasses.swift */; };
		8BC0D36A18958393B39B2ADE /* empty_today_healthspan.json in Resources */ = {isa = PBXBuildFile; fileRef = 4F264700FEFACE68056F9864 /* empty_today_healthspan.json */; };
		8E7457FE87C4E576D07E5F52 /* recaps.json in Resources */ = {isa = PBXBuildFile; fileRef = 4CC4D8628D79FD675365F135 /* recaps.json */; };
		90790D56FBEDEDB7FB1E7D37 /* ProtocolView.swift in Sources */ = {isa = PBXBuildFile; fileRef = 64EF3A07666084C85B7A6719 /* ProtocolView.swift */; };
		9768848FA823480236EDCD94 /* ServerURL.swift in Sources */ = {isa = PBXBuildFile; fileRef = 31B7301E972AC63897D50606 /* ServerURL.swift */; };
		9862AF82A356B2CD09A334E8 /* AppState.swift in Sources */ = {isa = PBXBuildFile; fileRef = FC0FBA5F12B4F1CA114B1D05 /* AppState.swift */; };
		98AEBFA323E9C54693A8A22C /* today_healthspan.json in Resources */ = {isa = PBXBuildFile; fileRef = 3CA975324B8101FF057C8AA1 /* today_healthspan.json */; };
		99A81D1181CAEA3A04417C44 /* today_decisions.json in Resources */ = {isa = PBXBuildFile; fileRef = C49AB1D10E25462AA3670E96 /* today_decisions.json */; };
		9EBD92FBE583739EF7025A9D /* OnboardingView.swift in Sources */ = {isa = PBXBuildFile; fileRef = BC535EC8F956FFF2A126EBCD /* OnboardingView.swift */; };
		A33A4593FBB88ED0A3ECEA1D /* empty_sessions_today.json in Resources */ = {isa = PBXBuildFile; fileRef = 13FB4A37283E225F564FD071 /* empty_sessions_today.json */; };
		A53FD8076532128F454DE488 /* TodayStatsTests.swift in Sources */ = {isa = PBXBuildFile; fileRef = 235B47D14C7DD3F8FE35168E /* TodayStatsTests.swift */; };
		A6A4449114C504C1CE92E3CA /* ConnectRowsTests.swift in Sources */ = {isa = PBXBuildFile; fileRef = 629137CFB3B7BE25551A391C /* ConnectRowsTests.swift */; };
		AB40D6691CF4B0EF721E9CFD /* SessionDetailView.swift in Sources */ = {isa = PBXBuildFile; fileRef = 365EC3F0F03C71B25E48CC6F /* SessionDetailView.swift */; };
		AEF10D75634A96EF05ED6CE7 /* protocol_today.json in Resources */ = {isa = PBXBuildFile; fileRef = 89C5D79D3A26E176A1CCD1C4 /* protocol_today.json */; };
		AF0C47874269606C0976A7F2 /* GlassesErrorsTests.swift in Sources */ = {isa = PBXBuildFile; fileRef = 6E8DFB5F3593C41F90FAD6FE /* GlassesErrorsTests.swift */; };
		B1FE4548C1109C9BBC5EFB69 /* ProtocolSummaryTests.swift in Sources */ = {isa = PBXBuildFile; fileRef = 7883CA2D2A147A7193706643 /* ProtocolSummaryTests.swift */; };
		B66163CF2BA5861008AEC5B7 /* GlassesSession.swift in Sources */ = {isa = PBXBuildFile; fileRef = 3879206B156592457CC7472A /* GlassesSession.swift */; };
		BBF7C290FAC04DDA8E295235 /* status.json in Resources */ = {isa = PBXBuildFile; fileRef = 38D9B5FF65A81476EABAD4BE /* status.json */; };
		BBFF61156300BE5D9CD1B413 /* WatchRecovery.swift in Sources */ = {isa = PBXBuildFile; fileRef = C932DC9B581C12C619AF5747 /* WatchRecovery.swift */; };
		BDDD9C9DBBD437CB337AF18D /* GlassesSessioning.swift in Sources */ = {isa = PBXBuildFile; fileRef = 1B5BF52D62551B1B8DB81894 /* GlassesSessioning.swift */; };
		BFC7E3E3B6064869713A194C /* EmptyStateTests.swift in Sources */ = {isa = PBXBuildFile; fileRef = 341B506A2B1F154438D6B656 /* EmptyStateTests.swift */; };
		C1505CC18DC22FD08E82BE42 /* AudioSessionTests.swift in Sources */ = {isa = PBXBuildFile; fileRef = 36F53653B134E13B67CC8108 /* AudioSessionTests.swift */; };
		C1B19C8AEBFD91058B23C797 /* CorpusRecorder.swift in Sources */ = {isa = PBXBuildFile; fileRef = 4DADCD752FC08855D793C233 /* CorpusRecorder.swift */; };
		C3BAB02BA79CC9529F18AB8F /* DecisionDetailView.swift in Sources */ = {isa = PBXBuildFile; fileRef = DFB8CE49186524D14922312D /* DecisionDetailView.swift */; };
		C44EEEA70DE25B0F3929D246 /* ProtocolTemplates.swift in Sources */ = {isa = PBXBuildFile; fileRef = 001A825ED887460A25332C9E /* ProtocolTemplates.swift */; };
		C5D710043499E64708498215 /* MWDATCore in Frameworks */ = {isa = PBXBuildFile; productRef = BB7E7E146200D0E3FAB56B31 /* MWDATCore */; };
		C7DFC1AEB9E8A457C4C44848 /* ConnectionStatus.swift in Sources */ = {isa = PBXBuildFile; fileRef = 7E760E93084D97676A29AA74 /* ConnectionStatus.swift */; };
		C8F552D3F2100BFC15ED67B5 /* SummaryCardTests.swift in Sources */ = {isa = PBXBuildFile; fileRef = 0DC21F36E1792326CE143F9A /* SummaryCardTests.swift */; };
		CC2F598E05E6F65F91FED789 /* MWDATMockDevice in Frameworks */ = {isa = PBXBuildFile; productRef = 5790B1A5E7F806A634FA4D98 /* MWDATMockDevice */; };
		CD24972139C1469FD67AB777 /* StatusPill.swift in Sources */ = {isa = PBXBuildFile; fileRef = 7BBB7DEB47CFB2D11319B758 /* StatusPill.swift */; };
		CEC1DA86E808A903BE675131 /* PersonaComposerTests.swift in Sources */ = {isa = PBXBuildFile; fileRef = FA977405BE4B4EF1BEDEF75D /* PersonaComposerTests.swift */; };
		CFA764CDC086E066C630881B /* empty_today_decisions.json in Resources */ = {isa = PBXBuildFile; fileRef = E4461F3FD037E304C5361C07 /* empty_today_decisions.json */; };
		D3BE2CD7898294F90A3398FE /* MeasuredView.swift in Sources */ = {isa = PBXBuildFile; fileRef = 4B37C65EBDEED5DAFAF53C49 /* MeasuredView.swift */; };
		E53C3A89A85F69463BFCEBB7 /* PhoneSensors.swift in Sources */ = {isa = PBXBuildFile; fileRef = DEBBFD68F94F717801E94B11 /* PhoneSensors.swift */; };
		ED26871AF9E5A219EA3979F0 /* ConnectionStatusTests.swift in Sources */ = {isa = PBXBuildFile; fileRef = 863CF68F9EB53AF75F79DCFA /* ConnectionStatusTests.swift */; };
		F6C3DFD3492802E7D14AFB96 /* PreviewView.swift in Sources */ = {isa = PBXBuildFile; fileRef = 3658F220ECCAB2B380C6C318 /* PreviewView.swift */; };
		F894AEF019AA6115DBB386FB /* AppScreenTests.swift in Sources */ = {isa = PBXBuildFile; fileRef = 8FE9FA96F40EC589D2C0D778 /* AppScreenTests.swift */; };
		F9334CB24ECF713DB6CE1E8E /* ConnectRows.swift in Sources */ = {isa = PBXBuildFile; fileRef = EFF82F5A388A18567A4D0631 /* ConnectRows.swift */; };
		FCFB72DB3DDE79F3E4F83ACC /* ConsentView.swift in Sources */ = {isa = PBXBuildFile; fileRef = 08016FC880A45D9E221A4853 /* ConsentView.swift */; };
		FFA713834BD5D5515ED098C6 /* LedgerRow.swift in Sources */ = {isa = PBXBuildFile; fileRef = B0AE0B716B62471511F8F628 /* LedgerRow.swift */; };
/* End PBXBuildFile section */

/* Begin PBXContainerItemProxy section */
		0ACC48310EACA4D79CC2A654 /* PBXContainerItemProxy */ = {
			isa = PBXContainerItemProxy;
			containerPortal = B56F8C57D2370E6A441491BD /* Project object */;
			proxyType = 1;
			remoteGlobalIDString = E25A63F9E640F3A31CBCFDED;
			remoteInfo = Brian;
		};
/* End PBXContainerItemProxy section */

/* Begin PBXFileReference section */
		001A825ED887460A25332C9E /* ProtocolTemplates.swift */ = {isa = PBXFileReference; lastKnownFileType = sourcecode.swift; path = ProtocolTemplates.swift; sourceTree = "<group>"; };
		024FFD912459D6C349DA00F7 /* Brian.app */ = {isa = PBXFileReference; includeInIndex = 0; lastKnownFileType = wrapper.application; path = Brian.app; sourceTree = BUILT_PRODUCTS_DIR; };
		08016FC880A45D9E221A4853 /* ConsentView.swift */ = {isa = PBXFileReference; lastKnownFileType = sourcecode.swift; path = ConsentView.swift; sourceTree = "<group>"; };
		0836800B5CDB7AB07DD619DA /* empty_recaps.json */ = {isa = PBXFileReference; lastKnownFileType = text.json; path = empty_recaps.json; sourceTree = "<group>"; };
		09C05E5F73DB82BC32C24B71 /* GlassesFactory.swift */ = {isa = PBXFileReference; lastKnownFileType = sourcecode.swift; path = GlassesFactory.swift; sourceTree = "<group>"; };
		0DC21F36E1792326CE143F9A /* SummaryCardTests.swift */ = {isa = PBXFileReference; lastKnownFileType = sourcecode.swift; path = SummaryCardTests.swift; sourceTree = "<group>"; };
		13FB4A37283E225F564FD071 /* empty_sessions_today.json */ = {isa = PBXFileReference; lastKnownFileType = text.json; path = empty_sessions_today.json; sourceTree = "<group>"; };
		1B16D781364F5366E4984DEA /* AddItemView.swift */ = {isa = PBXFileReference; lastKnownFileType = sourcecode.swift; path = AddItemView.swift; sourceTree = "<group>"; };
		1B5BF52D62551B1B8DB81894 /* GlassesSessioning.swift */ = {isa = PBXFileReference; lastKnownFileType = sourcecode.swift; path = GlassesSessioning.swift; sourceTree = "<group>"; };
		1C10907B03C557CA23101740 /* SessionsSummaryTests.swift */ = {isa = PBXFileReference; lastKnownFileType = sourcecode.swift; path = SessionsSummaryTests.swift; sourceTree = "<group>"; };
		235B47D14C7DD3F8FE35168E /* TodayStatsTests.swift */ = {isa = PBXFileReference; lastKnownFileType = sourcecode.swift; path = TodayStatsTests.swift; sourceTree = "<group>"; };
		243CABADA8D747304B9AF1F0 /* Models.swift */ = {isa = PBXFileReference; lastKnownFileType = sourcecode.swift; path = Models.swift; sourceTree = "<group>"; };
		252F43A246CEAF5971A6C8CA /* OnboardingStore.swift */ = {isa = PBXFileReference; lastKnownFileType = sourcecode.swift; path = OnboardingStore.swift; sourceTree = "<group>"; };
		2BCADBBF40322D38574CB21D /* Assets.xcassets */ = {isa = PBXFileReference; lastKnownFileType = folder.assetcatalog; path = Assets.xcassets; sourceTree = "<group>"; };
		31B7301E972AC63897D50606 /* ServerURL.swift */ = {isa = PBXFileReference; lastKnownFileType = sourcecode.swift; path = ServerURL.swift; sourceTree = "<group>"; };
		31CEE512CE01EFE286523C23 /* WatchRecoveryTests.swift */ = {isa = PBXFileReference; lastKnownFileType = sourcecode.swift; path = WatchRecoveryTests.swift; sourceTree = "<group>"; };
		31F9CCC2710A68583F0AB20E /* MacLink.swift */ = {isa = PBXFileReference; lastKnownFileType = sourcecode.swift; path = MacLink.swift; sourceTree = "<group>"; };
		341B506A2B1F154438D6B656 /* EmptyStateTests.swift */ = {isa = PBXFileReference; lastKnownFileType = sourcecode.swift; path = EmptyStateTests.swift; sourceTree = "<group>"; };
		34CA65A06BE3C5F30E52D1B6 /* ModelsTests.swift */ = {isa = PBXFileReference; lastKnownFileType = sourcecode.swift; path = ModelsTests.swift; sourceTree = "<group>"; };
		355A9E14C4D00393A2A3527D /* empty_today_episodes.json */ = {isa = PBXFileReference; lastKnownFileType = text.json; path = empty_today_episodes.json; sourceTree = "<group>"; };
		3658F220ECCAB2B380C6C318 /* PreviewView.swift */ = {isa = PBXFileReference; lastKnownFileType = sourcecode.swift; path = PreviewView.swift; sourceTree = "<group>"; };
		365EC3F0F03C71B25E48CC6F /* SessionDetailView.swift */ = {isa = PBXFileReference; lastKnownFileType = sourcecode.swift; path = SessionDetailView.swift; sourceTree = "<group>"; };
		36F3F795C9A60AB0830B0FC3 /* ProtocolStateLabel.swift */ = {isa = PBXFileReference; lastKnownFileType = sourcecode.swift; path = ProtocolStateLabel.swift; sourceTree = "<group>"; };
		36F53653B134E13B67CC8108 /* AudioSessionTests.swift */ = {isa = PBXFileReference; lastKnownFileType = sourcecode.swift; path = AudioSessionTests.swift; sourceTree = "<group>"; };
		3879206B156592457CC7472A /* GlassesSession.swift */ = {isa = PBXFileReference; lastKnownFileType = sourcecode.swift; path = GlassesSession.swift; sourceTree = "<group>"; };
		38D9B5FF65A81476EABAD4BE /* status.json */ = {isa = PBXFileReference; lastKnownFileType = text.json; path = status.json; sourceTree = "<group>"; };
		3C13CF89D57DE0ABF3076BC0 /* WebSource.swift */ = {isa = PBXFileReference; lastKnownFileType = sourcecode.swift; path = WebSource.swift; sourceTree = "<group>"; };
		3CA975324B8101FF057C8AA1 /* today_healthspan.json */ = {isa = PBXFileReference; lastKnownFileType = text.json; path = today_healthspan.json; sourceTree = "<group>"; };
		4743D01CB115F79455C7E114 /* sessions_today.json */ = {isa = PBXFileReference; lastKnownFileType = text.json; path = sessions_today.json; sourceTree = "<group>"; };
		475FCE63988058D5D7A493CC /* PreviewFeed.swift */ = {isa = PBXFileReference; lastKnownFileType = sourcecode.swift; path = PreviewFeed.swift; sourceTree = "<group>"; };
		48B7AD40B20697EB8E4A3165 /* HomeView.swift */ = {isa = PBXFileReference; lastKnownFileType = sourcecode.swift; path = HomeView.swift; sourceTree = "<group>"; };
		4B37C65EBDEED5DAFAF53C49 /* MeasuredView.swift */ = {isa = PBXFileReference; lastKnownFileType = sourcecode.swift; path = MeasuredView.swift; sourceTree = "<group>"; };
		4C2D2229D6D97243DE7447BE /* PrivacyInfo.xcprivacy */ = {isa = PBXFileReference; path = PrivacyInfo.xcprivacy; sourceTree = "<group>"; };
		4C637F5B4FB914EB5E14AB90 /* ConnectView.swift */ = {isa = PBXFileReference; lastKnownFileType = sourcecode.swift; path = ConnectView.swift; sourceTree = "<group>"; };
		4CC4D8628D79FD675365F135 /* recaps.json */ = {isa = PBXFileReference; lastKnownFileType = text.json; path = recaps.json; sourceTree = "<group>"; };
		4DADCD752FC08855D793C233 /* CorpusRecorder.swift */ = {isa = PBXFileReference; lastKnownFileType = sourcecode.swift; path = CorpusRecorder.swift; sourceTree = "<group>"; };
		4F264700FEFACE68056F9864 /* empty_today_healthspan.json */ = {isa = PBXFileReference; lastKnownFileType = text.json; path = empty_today_healthspan.json; sourceTree = "<group>"; };
		555C3FA2D6763A6135E61DDE /* LedgerCoalescerTests.swift */ = {isa = PBXFileReference; lastKnownFileType = sourcecode.swift; path = LedgerCoalescerTests.swift; sourceTree = "<group>"; };
		556B6B840C8FD7BC38F4C8B5 /* BrianApp.swift */ = {isa = PBXFileReference; lastKnownFileType = sourcecode.swift; path = BrianApp.swift; sourceTree = "<group>"; };
		559B05FCD80E626C8EA8F515 /* SummaryCard.swift */ = {isa = PBXFileReference; lastKnownFileType = sourcecode.swift; path = SummaryCard.swift; sourceTree = "<group>"; };
		5648C60CCCE2DAEA597B2FEC /* Theme.swift */ = {isa = PBXFileReference; lastKnownFileType = sourcecode.swift; path = Theme.swift; sourceTree = "<group>"; };
		5BF0184ABCFE220381BD6944 /* SessionsSummary.swift */ = {isa = PBXFileReference; lastKnownFileType = sourcecode.swift; path = SessionsSummary.swift; sourceTree = "<group>"; };
		5FE0DFA2A260EB6C1770CE9C /* HeaderState.swift */ = {isa = PBXFileReference; lastKnownFileType = sourcecode.swift; path = HeaderState.swift; sourceTree = "<group>"; };
		604221AF2E7C32D465F203C5 /* Ledger.swift */ = {isa = PBXFileReference; lastKnownFileType = sourcecode.swift; path = Ledger.swift; sourceTree = "<group>"; };
		629137CFB3B7BE25551A391C /* ConnectRowsTests.swift */ = {isa = PBXFileReference; lastKnownFileType = sourcecode.swift; path = ConnectRowsTests.swift; sourceTree = "<group>"; };
		64EF3A07666084C85B7A6719 /* ProtocolView.swift */ = {isa = PBXFileReference; lastKnownFileType = sourcecode.swift; path = ProtocolView.swift; sourceTree = "<group>"; };
		6786913689B235383BC1435E /* QuestionListener.swift */ = {isa = PBXFileReference; lastKnownFileType = sourcecode.swift; path = QuestionListener.swift; sourceTree = "<group>"; };
		67D07E1C507BD14D6E5AE6E7 /* empty_protocol_today.json */ = {isa = PBXFileReference; lastKnownFileType = text.json; path = empty_protocol_today.json; sourceTree = "<group>"; };
		6859C0E70A4F1B86BBE2D3AB /* ProtocolSummary.swift */ = {isa = PBXFileReference; lastKnownFileType = sourcecode.swift; path = ProtocolSummary.swift; sourceTree = "<group>"; };
		6B72D12F2F62C5EC2D86166A /* PersonaComposer.swift */ = {isa = PBXFileReference; lastKnownFileType = sourcecode.swift; path = PersonaComposer.swift; sourceTree = "<group>"; };
		6D98DBF53563BEF901573BB1 /* WebSourceTests.swift */ = {isa = PBXFileReference; lastKnownFileType = sourcecode.swift; path = WebSourceTests.swift; sourceTree = "<group>"; };
		6E8DFB5F3593C41F90FAD6FE /* GlassesErrorsTests.swift */ = {isa = PBXFileReference; lastKnownFileType = sourcecode.swift; path = GlassesErrorsTests.swift; sourceTree = "<group>"; };
		715F3B168C8A4AF5B79AE260 /* LedgerCoalescer.swift */ = {isa = PBXFileReference; lastKnownFileType = sourcecode.swift; path = LedgerCoalescer.swift; sourceTree = "<group>"; };
		748D9A901BEFC598A8404BC9 /* PersonaQuestion.swift */ = {isa = PBXFileReference; lastKnownFileType = sourcecode.swift; path = PersonaQuestion.swift; sourceTree = "<group>"; };
		7883CA2D2A147A7193706643 /* ProtocolSummaryTests.swift */ = {isa = PBXFileReference; lastKnownFileType = sourcecode.swift; path = ProtocolSummaryTests.swift; sourceTree = "<group>"; };
		7BBB7DEB47CFB2D11319B758 /* StatusPill.swift */ = {isa = PBXFileReference; lastKnownFileType = sourcecode.swift; path = StatusPill.swift; sourceTree = "<group>"; };
		7E760E93084D97676A29AA74 /* ConnectionStatus.swift */ = {isa = PBXFileReference; lastKnownFileType = sourcecode.swift; path = ConnectionStatus.swift; sourceTree = "<group>"; };
		863CF68F9EB53AF75F79DCFA /* ConnectionStatusTests.swift */ = {isa = PBXFileReference; lastKnownFileType = sourcecode.swift; path = ConnectionStatusTests.swift; sourceTree = "<group>"; };
		8730974D2A8DC30A70716AEB /* RecapText.swift */ = {isa = PBXFileReference; lastKnownFileType = sourcecode.swift; path = RecapText.swift; sourceTree = "<group>"; };
		89C5D79D3A26E176A1CCD1C4 /* protocol_today.json */ = {isa = PBXFileReference; lastKnownFileType = text.json; path = protocol_today.json; sourceTree = "<group>"; };
		8FE9FA96F40EC589D2C0D778 /* AppScreenTests.swift */ = {isa = PBXFileReference; lastKnownFileType = sourcecode.swift; path = AppScreenTests.swift; sourceTree = "<group>"; };
		90FF499C63696F9C19EBAD25 /* TodayStats.swift */ = {isa = PBXFileReference; lastKnownFileType = sourcecode.swift; path = TodayStats.swift; sourceTree = "<group>"; };
		94A9C97FA2A625A5950E617E /* today_episodes.json */ = {isa = PBXFileReference; lastKnownFileType = text.json; path = today_episodes.json; sourceTree = "<group>"; };
		A1CDD197CD3E40D0BC5B3760 /* APIClient.swift */ = {isa = PBXFileReference; lastKnownFileType = sourcecode.swift; path = APIClient.swift; sourceTree = "<group>"; };
		B0AE0B716B62471511F8F628 /* LedgerRow.swift */ = {isa = PBXFileReference; lastKnownFileType = sourcecode.swift; path = LedgerRow.swift; sourceTree = "<group>"; };
		B2442304857987547F779481 /* CapturePacketSender.swift */ = {isa = PBXFileReference; lastKnownFileType = sourcecode.swift; path = CapturePacketSender.swift; sourceTree = "<group>"; };
		BC535EC8F956FFF2A126EBCD /* OnboardingView.swift */ = {isa = PBXFileReference; lastKnownFileType = sourcecode.swift; path = OnboardingView.swift; sourceTree = "<group>"; };
		BCE0A9DDD1CA29A38A658BBF /* TokenStore.swift */ = {isa = PBXFileReference; lastKnownFileType = sourcecode.swift; path = TokenStore.swift; sourceTree = "<group>"; };
		C45658E09E2105D6D7C79FA0 /* OnboardingStoreTests.swift */ = {isa = PBXFileReference; lastKnownFileType = sourcecode.swift; path = OnboardingStoreTests.swift; sourceTree = "<group>"; };
		C49AB1D10E25462AA3670E96 /* today_decisions.json */ = {isa = PBXFileReference; lastKnownFileType = text.json; path = today_decisions.json; sourceTree = "<group>"; };
		C7BDB86B2CE2D6C1359E16DD /* ServerURLTests.swift */ = {isa = PBXFileReference; lastKnownFileType = sourcecode.swift; path = ServerURLTests.swift; sourceTree = "<group>"; };
		C932DC9B581C12C619AF5747 /* WatchRecovery.swift */ = {isa = PBXFileReference; lastKnownFileType = sourcecode.swift; path = WatchRecovery.swift; sourceTree = "<group>"; };
		CE9D3A7EC8DAE1EF721A13E4 /* PersonaQuestions.swift */ = {isa = PBXFileReference; lastKnownFileType = sourcecode.swift; path = PersonaQuestions.swift; sourceTree = "<group>"; };
		D185AA5E744DD82671E29E56 /* preview.jpg */ = {isa = PBXFileReference; lastKnownFileType = image.jpeg; path = preview.jpg; sourceTree = "<group>"; };
		D620E55A873A742A0FCEBF4C /* recap_today.json */ = {isa = PBXFileReference; lastKnownFileType = text.json; path = recap_today.json; sourceTree = "<group>"; };
		D7A112AAC56185A28D26D0BB /* RootView.swift */ = {isa = PBXFileReference; lastKnownFileType = sourcecode.swift; path = RootView.swift; sourceTree = "<group>"; };
		D88B410773BABA3AE00217BE /* BrianTests.xctest */ = {isa = PBXFileReference; includeInIndex = 0; lastKnownFileType = wrapper.cfbundle; path = BrianTests.xctest; sourceTree = BUILT_PRODUCTS_DIR; };
		D929CDFA08FE35AE7F5FA0B5 /* PermissionRow.swift */ = {isa = PBXFileReference; lastKnownFileType = sourcecode.swift; path = PermissionRow.swift; sourceTree = "<group>"; };
		DEBBFD68F94F717801E94B11 /* PhoneSensors.swift */ = {isa = PBXFileReference; lastKnownFileType = sourcecode.swift; path = PhoneSensors.swift; sourceTree = "<group>"; };
		DFB8CE49186524D14922312D /* DecisionDetailView.swift */ = {isa = PBXFileReference; lastKnownFileType = sourcecode.swift; path = DecisionDetailView.swift; sourceTree = "<group>"; };
		E4268EFD89C747BD58608C6D /* MockGlasses.swift */ = {isa = PBXFileReference; lastKnownFileType = sourcecode.swift; path = MockGlasses.swift; sourceTree = "<group>"; };
		E4461F3FD037E304C5361C07 /* empty_today_decisions.json */ = {isa = PBXFileReference; lastKnownFileType = text.json; path = empty_today_decisions.json; sourceTree = "<group>"; };
		E5E87925125E3B1729AE4F38 /* WebScreen.swift */ = {isa = PBXFileReference; lastKnownFileType = sourcecode.swift; path = WebScreen.swift; sourceTree = "<group>"; };
		EC3D9C312B559D84D9692E9F /* PreviewFeedTests.swift */ = {isa = PBXFileReference; lastKnownFileType = sourcecode.swift; path = PreviewFeedTests.swift; sourceTree = "<group>"; };
		EFF82F5A388A18567A4D0631 /* ConnectRows.swift */ = {isa = PBXFileReference; lastKnownFileType = sourcecode.swift; path = ConnectRows.swift; sourceTree = "<group>"; };
		F68ECE541029CD2BDAEF7463 /* LinkGlue.swift */ = {isa = PBXFileReference; lastKnownFileType = sourcecode.swift; path = LinkGlue.swift; sourceTree = "<group>"; };
		F7429361390E6D18FE85B496 /* HeaderStateTests.swift */ = {isa = PBXFileReference; lastKnownFileType = sourcecode.swift; path = HeaderStateTests.swift; sourceTree = "<group>"; };
		FA977405BE4B4EF1BEDEF75D /* PersonaComposerTests.swift */ = {isa = PBXFileReference; lastKnownFileType = sourcecode.swift; path = PersonaComposerTests.swift; sourceTree = "<group>"; };
		FC0FBA5F12B4F1CA114B1D05 /* AppState.swift */ = {isa = PBXFileReference; lastKnownFileType = sourcecode.swift; path = AppState.swift; sourceTree = "<group>"; };
		FC2C75102A7E6B02D881985A /* SettingsView.swift */ = {isa = PBXFileReference; lastKnownFileType = sourcecode.swift; path = SettingsView.swift; sourceTree = "<group>"; };
		"TEMP_AE0B8A45-6609-4949-8A7A-77FF1AF7B743" /* Config.xcconfig */ = {isa = PBXFileReference; lastKnownFileType = text.xcconfig; path = Config.xcconfig; sourceTree = "<group>"; };
/* End PBXFileReference section */

/* Begin PBXFrameworksBuildPhase section */
		F108581719C0EDEBEB85C3BC /* Frameworks */ = {
			isa = PBXFrameworksBuildPhase;
			buildActionMask = 2147483647;
			files = (
				C5D710043499E64708498215 /* MWDATCore in Frameworks */,
				536429869156FBD3D715A05D /* MWDATCamera in Frameworks */,
				CC2F598E05E6F65F91FED789 /* MWDATMockDevice in Frameworks */,
			);
			runOnlyForDeploymentPostprocessing = 0;
		};
/* End PBXFrameworksBuildPhase section */

/* Begin PBXGroup section */
		15537D4F80D44CF24BEEACCE /* Sources */ = {
			isa = PBXGroup;
			children = (
				2BCADBBF40322D38574CB21D /* Assets.xcassets */,
				C18D6B88F7067B38D54FF2C1 /* API */,
				3C331280BCB144BA9A7DBB5E /* App */,
				D6210759D9B5FF1A4EB60D80 /* Glasses */,
				2AFBDA622ED93DDAE3BC1894 /* Link */,
				9E30F9C1B58C48E06A92DA61 /* Onboarding */,
				32D4C370A3418EAFC864406C /* Screens */,
				179CB1F2D762ED03EBF5977D /* Theme */,
			);
			path = Sources;
			sourceTree = "<group>";
		};
		179CB1F2D762ED03EBF5977D /* Theme */ = {
			isa = PBXGroup;
			children = (
				5648C60CCCE2DAEA597B2FEC /* Theme.swift */,
			);
			path = Theme;
			sourceTree = "<group>";
		};
		2AFBDA622ED93DDAE3BC1894 /* Link */ = {
			isa = PBXGroup;
			children = (
				B2442304857987547F779481 /* CapturePacketSender.swift */,
				08016FC880A45D9E221A4853 /* ConsentView.swift */,
				4DADCD752FC08855D793C233 /* CorpusRecorder.swift */,
				F68ECE541029CD2BDAEF7463 /* LinkGlue.swift */,
				31F9CCC2710A68583F0AB20E /* MacLink.swift */,
				DEBBFD68F94F717801E94B11 /* PhoneSensors.swift */,
				6786913689B235383BC1435E /* QuestionListener.swift */,
			);
			path = Link;
			sourceTree = "<group>";
		};
		32D4C370A3418EAFC864406C /* Screens */ = {
			isa = PBXGroup;
			children = (
				1B16D781364F5366E4984DEA /* AddItemView.swift */,
				4C637F5B4FB914EB5E14AB90 /* ConnectView.swift */,
				DFB8CE49186524D14922312D /* DecisionDetailView.swift */,
				48B7AD40B20697EB8E4A3165 /* HomeView.swift */,
				B0AE0B716B62471511F8F628 /* LedgerRow.swift */,
				4B37C65EBDEED5DAFAF53C49 /* MeasuredView.swift */,
				BC535EC8F956FFF2A126EBCD /* OnboardingView.swift */,
				D929CDFA08FE35AE7F5FA0B5 /* PermissionRow.swift */,
				3658F220ECCAB2B380C6C318 /* PreviewView.swift */,
				36F3F795C9A60AB0830B0FC3 /* ProtocolStateLabel.swift */,
				64EF3A07666084C85B7A6719 /* ProtocolView.swift */,
				8730974D2A8DC30A70716AEB /* RecapText.swift */,
				365EC3F0F03C71B25E48CC6F /* SessionDetailView.swift */,
				FC2C75102A7E6B02D881985A /* SettingsView.swift */,
				7BBB7DEB47CFB2D11319B758 /* StatusPill.swift */,
				E5E87925125E3B1729AE4F38 /* WebScreen.swift */,
			);
			path = Screens;
			sourceTree = "<group>";
		};
		3C331280BCB144BA9A7DBB5E /* App */ = {
			isa = PBXGroup;
			children = (
				FC0FBA5F12B4F1CA114B1D05 /* AppState.swift */,
				556B6B840C8FD7BC38F4C8B5 /* BrianApp.swift */,
				7E760E93084D97676A29AA74 /* ConnectionStatus.swift */,
				EFF82F5A388A18567A4D0631 /* ConnectRows.swift */,
				09C05E5F73DB82BC32C24B71 /* GlassesFactory.swift */,
				5FE0DFA2A260EB6C1770CE9C /* HeaderState.swift */,
				604221AF2E7C32D465F203C5 /* Ledger.swift */,
				715F3B168C8A4AF5B79AE260 /* LedgerCoalescer.swift */,
				475FCE63988058D5D7A493CC /* PreviewFeed.swift */,
				6859C0E70A4F1B86BBE2D3AB /* ProtocolSummary.swift */,
				001A825ED887460A25332C9E /* ProtocolTemplates.swift */,
				D7A112AAC56185A28D26D0BB /* RootView.swift */,
				5BF0184ABCFE220381BD6944 /* SessionsSummary.swift */,
				559B05FCD80E626C8EA8F515 /* SummaryCard.swift */,
				90FF499C63696F9C19EBAD25 /* TodayStats.swift */,
				C932DC9B581C12C619AF5747 /* WatchRecovery.swift */,
				3C13CF89D57DE0ABF3076BC0 /* WebSource.swift */,
			);
			path = App;
			sourceTree = "<group>";
		};
		55EC2DFA56098F674F70B4A8 /* Fixtures */ = {
			isa = PBXGroup;
			children = (
				67D07E1C507BD14D6E5AE6E7 /* empty_protocol_today.json */,
				0836800B5CDB7AB07DD619DA /* empty_recaps.json */,
				13FB4A37283E225F564FD071 /* empty_sessions_today.json */,
				E4461F3FD037E304C5361C07 /* empty_today_decisions.json */,
				355A9E14C4D00393A2A3527D /* empty_today_episodes.json */,
				4F264700FEFACE68056F9864 /* empty_today_healthspan.json */,
				D185AA5E744DD82671E29E56 /* preview.jpg */,
				89C5D79D3A26E176A1CCD1C4 /* protocol_today.json */,
				D620E55A873A742A0FCEBF4C /* recap_today.json */,
				4CC4D8628D79FD675365F135 /* recaps.json */,
				4743D01CB115F79455C7E114 /* sessions_today.json */,
				38D9B5FF65A81476EABAD4BE /* status.json */,
				C49AB1D10E25462AA3670E96 /* today_decisions.json */,
				94A9C97FA2A625A5950E617E /* today_episodes.json */,
				3CA975324B8101FF057C8AA1 /* today_healthspan.json */,
			);
			path = Fixtures;
			sourceTree = "<group>";
		};
		9E30F9C1B58C48E06A92DA61 /* Onboarding */ = {
			isa = PBXGroup;
			children = (
				252F43A246CEAF5971A6C8CA /* OnboardingStore.swift */,
				6B72D12F2F62C5EC2D86166A /* PersonaComposer.swift */,
				748D9A901BEFC598A8404BC9 /* PersonaQuestion.swift */,
				CE9D3A7EC8DAE1EF721A13E4 /* PersonaQuestions.swift */,
			);
			path = Onboarding;
			sourceTree = "<group>";
		};
		BC0C393894CFFA79A9B5159E /* Tests */ = {
			isa = PBXGroup;
			children = (
				8FE9FA96F40EC589D2C0D778 /* AppScreenTests.swift */,
				36F53653B134E13B67CC8108 /* AudioSessionTests.swift */,
				863CF68F9EB53AF75F79DCFA /* ConnectionStatusTests.swift */,
				629137CFB3B7BE25551A391C /* ConnectRowsTests.swift */,
				341B506A2B1F154438D6B656 /* EmptyStateTests.swift */,
				6E8DFB5F3593C41F90FAD6FE /* GlassesErrorsTests.swift */,
				F7429361390E6D18FE85B496 /* HeaderStateTests.swift */,
				555C3FA2D6763A6135E61DDE /* LedgerCoalescerTests.swift */,
				34CA65A06BE3C5F30E52D1B6 /* ModelsTests.swift */,
				C45658E09E2105D6D7C79FA0 /* OnboardingStoreTests.swift */,
				FA977405BE4B4EF1BEDEF75D /* PersonaComposerTests.swift */,
				EC3D9C312B559D84D9692E9F /* PreviewFeedTests.swift */,
				7883CA2D2A147A7193706643 /* ProtocolSummaryTests.swift */,
				C7BDB86B2CE2D6C1359E16DD /* ServerURLTests.swift */,
				1C10907B03C557CA23101740 /* SessionsSummaryTests.swift */,
				0DC21F36E1792326CE143F9A /* SummaryCardTests.swift */,
				235B47D14C7DD3F8FE35168E /* TodayStatsTests.swift */,
				31CEE512CE01EFE286523C23 /* WatchRecoveryTests.swift */,
				6D98DBF53563BEF901573BB1 /* WebSourceTests.swift */,
			);
			path = Tests;
			sourceTree = "<group>";
		};
		C18D6B88F7067B38D54FF2C1 /* API */ = {
			isa = PBXGroup;
			children = (
				A1CDD197CD3E40D0BC5B3760 /* APIClient.swift */,
				243CABADA8D747304B9AF1F0 /* Models.swift */,
				31B7301E972AC63897D50606 /* ServerURL.swift */,
				BCE0A9DDD1CA29A38A658BBF /* TokenStore.swift */,
			);
			path = API;
			sourceTree = "<group>";
		};
		C62C5BAA6F9A4340EFF876D2 /* Products */ = {
			isa = PBXGroup;
			children = (
				024FFD912459D6C349DA00F7 /* Brian.app */,
				D88B410773BABA3AE00217BE /* BrianTests.xctest */,
			);
			name = Products;
			sourceTree = "<group>";
		};
		D6210759D9B5FF1A4EB60D80 /* Glasses */ = {
			isa = PBXGroup;
			children = (
				3879206B156592457CC7472A /* GlassesSession.swift */,
				1B5BF52D62551B1B8DB81894 /* GlassesSessioning.swift */,
				E4268EFD89C747BD58608C6D /* MockGlasses.swift */,
			);
			path = Glasses;
			sourceTree = "<group>";
		};
		D6CAEF3E7FCFED4B17FDDA4D = {
			isa = PBXGroup;
			children = (
				4C2D2229D6D97243DE7447BE /* PrivacyInfo.xcprivacy */,
				55EC2DFA56098F674F70B4A8 /* Fixtures */,
				15537D4F80D44CF24BEEACCE /* Sources */,
				BC0C393894CFFA79A9B5159E /* Tests */,
				C62C5BAA6F9A4340EFF876D2 /* Products */,
			);
			sourceTree = "<group>";
		};
		"TEMP_3063DBE2-FF65-4BB3-9B07-3C2189653730" /* Brian */ = {
			isa = PBXGroup;
			children = (
				"TEMP_AE0B8A45-6609-4949-8A7A-77FF1AF7B743" /* Config.xcconfig */,
			);
			path = Brian;
			sourceTree = "<group>";
		};
/* End PBXGroup section */

/* Begin PBXNativeTarget section */
		DF9C520DA3AF91625A7E8C7A /* BrianTests */ = {
			isa = PBXNativeTarget;
			buildConfigurationList = E717360B99945785DAD71907 /* Build configuration list for PBXNativeTarget "BrianTests" */;
			buildPhases = (
				1122D034ED7784AA1AF70EC5 /* Sources */,
			);
			buildRules = (
			);
			dependencies = (
				4F71B48D9989CA6C8640FBFC /* PBXTargetDependency */,
			);
			name = BrianTests;
			packageProductDependencies = (
			);
			productName = BrianTests;
			productReference = D88B410773BABA3AE00217BE /* BrianTests.xctest */;
			productType = "com.apple.product-type.bundle.unit-test";
		};
		E25A63F9E640F3A31CBCFDED /* Brian */ = {
			isa = PBXNativeTarget;
			buildConfigurationList = 974AB263BFAFDFFCCE84BC68 /* Build configuration list for PBXNativeTarget "Brian" */;
			buildPhases = (
				3D7CF6A7E95D0A61B6AD1865 /* Require CLIENT_TOKEN in Release */,
				4712FE0CF139ACFDC349EFC2 /* Sources */,
				5BA6CEEA6CAFD93A829C6901 /* Resources */,
				F108581719C0EDEBEB85C3BC /* Frameworks */,
			);
			buildRules = (
			);
			dependencies = (
			);
			name = Brian;
			packageProductDependencies = (
				BB7E7E146200D0E3FAB56B31 /* MWDATCore */,
				6E49898F82EA9C2AD4A9EFD6 /* MWDATCamera */,
				5790B1A5E7F806A634FA4D98 /* MWDATMockDevice */,
			);
			productName = Brian;
			productReference = 024FFD912459D6C349DA00F7 /* Brian.app */;
			productType = "com.apple.product-type.application";
		};
/* End PBXNativeTarget section */

/* Begin PBXProject section */
		B56F8C57D2370E6A441491BD /* Project object */ = {
			isa = PBXProject;
			attributes = {
				BuildIndependentTargetsInParallel = YES;
				LastUpgradeCheck = 1430;
				TargetAttributes = {
					E25A63F9E640F3A31CBCFDED = {
						DevelopmentTeam = 3386QS4N44;
						ProvisioningStyle = Automatic;
					};
				};
			};
			buildConfigurationList = BA12D12446D334BC378EA68D /* Build configuration list for PBXProject "Brian" */;
			developmentRegion = en;
			hasScannedForEncodings = 0;
			knownRegions = (
				Base,
				en,
			);
			mainGroup = D6CAEF3E7FCFED4B17FDDA4D;
			minimizedProjectReferenceProxies = 1;
			packageReferences = (
				FF7847C137B29DBD15C52114 /* XCRemoteSwiftPackageReference "meta-wearables-dat-ios" */,
			);
			preferredProjectObjectVersion = 77;
			productRefGroup = C62C5BAA6F9A4340EFF876D2 /* Products */;
			projectDirPath = "";
			projectRoot = "";
			targets = (
				E25A63F9E640F3A31CBCFDED /* Brian */,
				DF9C520DA3AF91625A7E8C7A /* BrianTests */,
			);
		};
/* End PBXProject section */

/* Begin PBXResourcesBuildPhase section */
		5BA6CEEA6CAFD93A829C6901 /* Resources */ = {
			isa = PBXResourcesBuildPhase;
			buildActionMask = 2147483647;
			files = (
				6BB4A78712D24F3098BD96DC /* Assets.xcassets in Resources */,
				3A4DE9E57CA62038013E8480 /* PrivacyInfo.xcprivacy in Resources */,
				422A5B895BC7978C2E587752 /* empty_protocol_today.json in Resources */,
				2E6D3E48C28D6A61940819B2 /* empty_recaps.json in Resources */,
				A33A4593FBB88ED0A3ECEA1D /* empty_sessions_today.json in Resources */,
				CFA764CDC086E066C630881B /* empty_today_decisions.json in Resources */,
				8B31BA7161D65257F2AFA3E6 /* empty_today_episodes.json in Resources */,
				8BC0D36A18958393B39B2ADE /* empty_today_healthspan.json in Resources */,
				0BBA30B35AF6AD1711973A57 /* preview.jpg in Resources */,
				AEF10D75634A96EF05ED6CE7 /* protocol_today.json in Resources */,
				3EB69E73C723937EE1804232 /* recap_today.json in Resources */,
				8E7457FE87C4E576D07E5F52 /* recaps.json in Resources */,
				5E68BC628A4E70878B2AD0C9 /* sessions_today.json in Resources */,
				BBF7C290FAC04DDA8E295235 /* status.json in Resources */,
				99A81D1181CAEA3A04417C44 /* today_decisions.json in Resources */,
				3EAB6CAE70F5D227C0C25DDA /* today_episodes.json in Resources */,
				98AEBFA323E9C54693A8A22C /* today_healthspan.json in Resources */,
			);
			runOnlyForDeploymentPostprocessing = 0;
		};
/* End PBXResourcesBuildPhase section */

/* Begin PBXShellScriptBuildPhase section */
		3D7CF6A7E95D0A61B6AD1865 /* Require CLIENT_TOKEN in Release */ = {
			isa = PBXShellScriptBuildPhase;
			alwaysOutOfDate = 1;
			buildActionMask = 2147483647;
			files = (
			);
			inputFileListPaths = (
			);
			inputPaths = (
			);
			name = "Require CLIENT_TOKEN in Release";
			outputFileListPaths = (
			);
			outputPaths = (
			);
			runOnlyForDeploymentPostprocessing = 0;
			shellPath = /bin/sh;
			shellScript = "[ \"${CONFIGURATION}\" = \"Release\" ] || exit 0\ncase \"${CLIENT_TOKEN}\" in\n  \"\") echo \"error: CLIENT_TOKEN is empty. Create ios/Brian/Local.xcconfig from Local.xcconfig.example before archiving.\"; exit 1 ;;\n  *\"<\"*|*\">\"*) echo \"error: CLIENT_TOKEN is still the Local.xcconfig.example placeholder. Put the real token from the Meta Wearables Developer Center in ios/Brian/Local.xcconfig.\"; exit 1 ;;\n  \"AR|2802824706754749|\"*) ;;\n  \"AR|\"*) echo \"error: CLIENT_TOKEN belongs to a different Meta app. Use the token for app 2802824706754749.\"; exit 1 ;;\n  *) echo \"error: CLIENT_TOKEN does not look like AR|<app id>|<token>. Copy it again from the Meta Wearables Developer Center.\"; exit 1 ;;\nesac\n# Fail closed on a truncated or mangled token too: the part after the app id is hex.\nif ! printf '%s' \"${CLIENT_TOKEN}\" | grep -Eq '^AR\\|2802824706754749\\|[0-9A-Fa-f]{16,}$'; then\n  echo \"error: CLIENT_TOKEN for app 2802824706754749 looks truncated or mangled. Copy it again from the Meta Wearables Developer Center.\"\n  exit 1\nfi\n";
			showEnvVarsInLog = 0;
		};
/* End PBXShellScriptBuildPhase section */

/* Begin PBXSourcesBuildPhase section */
		1122D034ED7784AA1AF70EC5 /* Sources */ = {
			isa = PBXSourcesBuildPhase;
			buildActionMask = 2147483647;
			files = (
				F894AEF019AA6115DBB386FB /* AppScreenTests.swift in Sources */,
				C1505CC18DC22FD08E82BE42 /* AudioSessionTests.swift in Sources */,
				A6A4449114C504C1CE92E3CA /* ConnectRowsTests.swift in Sources */,
				ED26871AF9E5A219EA3979F0 /* ConnectionStatusTests.swift in Sources */,
				BFC7E3E3B6064869713A194C /* EmptyStateTests.swift in Sources */,
				AF0C47874269606C0976A7F2 /* GlassesErrorsTests.swift in Sources */,
				696DB6207F770A8C1A370D18 /* HeaderStateTests.swift in Sources */,
				1740899EEEBCDA46E8E39866 /* LedgerCoalescerTests.swift in Sources */,
				49CC45830016BCCB18D833C2 /* ModelsTests.swift in Sources */,
				531348BD455C08D341B21478 /* OnboardingStoreTests.swift in Sources */,
				CEC1DA86E808A903BE675131 /* PersonaComposerTests.swift in Sources */,
				0343F5A844C6B6B21059B3C3 /* PreviewFeedTests.swift in Sources */,
				B1FE4548C1109C9BBC5EFB69 /* ProtocolSummaryTests.swift in Sources */,
				826F3A446F99A62C3A230B4D /* ServerURLTests.swift in Sources */,
				3A2E3768E5D0172905F6C878 /* SessionsSummaryTests.swift in Sources */,
				C8F552D3F2100BFC15ED67B5 /* SummaryCardTests.swift in Sources */,
				A53FD8076532128F454DE488 /* TodayStatsTests.swift in Sources */,
				1C3F69E9E3840FAAB252F2A2 /* WatchRecoveryTests.swift in Sources */,
				12B5F6F88BD3EF4657194A09 /* WebSourceTests.swift in Sources */,
			);
			runOnlyForDeploymentPostprocessing = 0;
		};
		4712FE0CF139ACFDC349EFC2 /* Sources */ = {
			isa = PBXSourcesBuildPhase;
			buildActionMask = 2147483647;
			files = (
				47D169FE3B901DCC2A908876 /* APIClient.swift in Sources */,
				298C8DD74BD4AC7990927CD3 /* AddItemView.swift in Sources */,
				9862AF82A356B2CD09A334E8 /* AppState.swift in Sources */,
				4C3417B4BFA43C1AFEAC5638 /* BrianApp.swift in Sources */,
				854D738D40C85C225ED0CD56 /* CapturePacketSender.swift in Sources */,
				F9334CB24ECF713DB6CE1E8E /* ConnectRows.swift in Sources */,
				5CEE29F59A396187BA9D0F57 /* ConnectView.swift in Sources */,
				C7DFC1AEB9E8A457C4C44848 /* ConnectionStatus.swift in Sources */,
				FCFB72DB3DDE79F3E4F83ACC /* ConsentView.swift in Sources */,
				C1B19C8AEBFD91058B23C797 /* CorpusRecorder.swift in Sources */,
				C3BAB02BA79CC9529F18AB8F /* DecisionDetailView.swift in Sources */,
				4F328FF894011FC4712E8959 /* GlassesFactory.swift in Sources */,
				B66163CF2BA5861008AEC5B7 /* GlassesSession.swift in Sources */,
				BDDD9C9DBBD437CB337AF18D /* GlassesSessioning.swift in Sources */,
				5A6720237EA5B56097D7788C /* HeaderState.swift in Sources */,
				830D6E805C2E2BE708595955 /* HomeView.swift in Sources */,
				89289F56D11A4884FC214E17 /* Ledger.swift in Sources */,
				41DE1E0F8273BB34AC077D95 /* LedgerCoalescer.swift in Sources */,
				FFA713834BD5D5515ED098C6 /* LedgerRow.swift in Sources */,
				5E13D9D0F983CF0BE6F312C6 /* LinkGlue.swift in Sources */,
				4E8C49A02C03DE3E77E71110 /* MacLink.swift in Sources */,
				D3BE2CD7898294F90A3398FE /* MeasuredView.swift in Sources */,
				8BA9B64DC9E7947726A069CE /* MockGlasses.swift in Sources */,
				86796BDB41C34B4FA687BE81 /* Models.swift in Sources */,
				26999A42A5351E71D4F74A33 /* OnboardingStore.swift in Sources */,
				9EBD92FBE583739EF7025A9D /* OnboardingView.swift in Sources */,
				6DF6F0806C8FEA8D351CC62C /* PermissionRow.swift in Sources */,
				290FC8893A72237213E91FA0 /* PersonaComposer.swift in Sources */,
				491BB792188DDD00746719FB /* PersonaQuestion.swift in Sources */,
				023AC74576C19E4DFB77BD8E /* PersonaQuestions.swift in Sources */,
				E53C3A89A85F69463BFCEBB7 /* PhoneSensors.swift in Sources */,
				12C4A074679EE257D402E056 /* PreviewFeed.swift in Sources */,
				F6C3DFD3492802E7D14AFB96 /* PreviewView.swift in Sources */,
				0E2B95DC0CA574191C9B6AD7 /* ProtocolStateLabel.swift in Sources */,
				4D15E0CDEC009D00AAD70772 /* ProtocolSummary.swift in Sources */,
				C44EEEA70DE25B0F3929D246 /* ProtocolTemplates.swift in Sources */,
				90790D56FBEDEDB7FB1E7D37 /* ProtocolView.swift in Sources */,
				384F4252A8A7101E26849940 /* QuestionListener.swift in Sources */,
				5B0F300A3AFFA0DA8F537EF5 /* RecapText.swift in Sources */,
				5B14D33B0DF25A807CE4D9F7 /* RootView.swift in Sources */,
				9768848FA823480236EDCD94 /* ServerURL.swift in Sources */,
				AB40D6691CF4B0EF721E9CFD /* SessionDetailView.swift in Sources */,
				80E9B17B19F60C4491CAA879 /* SessionsSummary.swift in Sources */,
				2D47A74FAC14C320D1886B5B /* SettingsView.swift in Sources */,
				CD24972139C1469FD67AB777 /* StatusPill.swift in Sources */,
				3D927F46280E221E7E2BDACA /* SummaryCard.swift in Sources */,
				17A1599D759C39DF2970D60C /* Theme.swift in Sources */,
				0CD39EBD2E42C3627444B1E6 /* TodayStats.swift in Sources */,
				8ACD724DE73F6B1AAC0C6FEC /* TokenStore.swift in Sources */,
				BBFF61156300BE5D9CD1B413 /* WatchRecovery.swift in Sources */,
				4B7E48E6EC8539D7B1A0E419 /* WebScreen.swift in Sources */,
				3356AC4E1741CDD7B04CC694 /* WebSource.swift in Sources */,
			);
			runOnlyForDeploymentPostprocessing = 0;
		};
/* End PBXSourcesBuildPhase section */

/* Begin PBXTargetDependency section */
		4F71B48D9989CA6C8640FBFC /* PBXTargetDependency */ = {
			isa = PBXTargetDependency;
			target = E25A63F9E640F3A31CBCFDED /* Brian */;
			targetProxy = 0ACC48310EACA4D79CC2A654 /* PBXContainerItemProxy */;
		};
/* End PBXTargetDependency section */

/* Begin XCBuildConfiguration section */
		459DDC7D7E4CFE83F98F33F7 /* Release */ = {
			isa = XCBuildConfiguration;
			buildSettings = {
				BUNDLE_LOADER = "$(TEST_HOST)";
				GENERATE_INFOPLIST_FILE = YES;
				LD_RUNPATH_SEARCH_PATHS = (
					"$(inherited)",
					"@executable_path/Frameworks",
					"@loader_path/Frameworks",
				);
				PRODUCT_BUNDLE_IDENTIFIER = com.zeroist.BrianTests;
				SDKROOT = iphoneos;
				SWIFT_VERSION = 5.0;
				TARGETED_DEVICE_FAMILY = 1;
				TEST_HOST = "$(BUILT_PRODUCTS_DIR)/Zeroist.app/$(BUNDLE_EXECUTABLE_FOLDER_PATH)Zeroist";
			};
			name = Release;
		};
		7DD75008139FE3C11CE53998 /* Debug */ = {
			isa = XCBuildConfiguration;
			buildSettings = {
				BUNDLE_LOADER = "$(TEST_HOST)";
				GENERATE_INFOPLIST_FILE = YES;
				LD_RUNPATH_SEARCH_PATHS = (
					"$(inherited)",
					"@executable_path/Frameworks",
					"@loader_path/Frameworks",
				);
				PRODUCT_BUNDLE_IDENTIFIER = com.zeroist.BrianTests;
				SDKROOT = iphoneos;
				SWIFT_VERSION = 5.0;
				TARGETED_DEVICE_FAMILY = 1;
				TEST_HOST = "$(BUILT_PRODUCTS_DIR)/Zeroist.app/$(BUNDLE_EXECUTABLE_FOLDER_PATH)Zeroist";
			};
			name = Debug;
		};
		8C5DC3ECFB7B5DA2A87117D9 /* Release */ = {
			isa = XCBuildConfiguration;
			buildSettings = {
				ALWAYS_SEARCH_USER_PATHS = NO;
				CLANG_ANALYZER_NONNULL = YES;
				CLANG_ANALYZER_NUMBER_OBJECT_CONVERSION = YES_AGGRESSIVE;
				CLANG_CXX_LANGUAGE_STANDARD = "gnu++14";
				CLANG_CXX_LIBRARY = "libc++";
				CLANG_ENABLE_MODULES = YES;
				CLANG_ENABLE_OBJC_ARC = YES;
				CLANG_ENABLE_OBJC_WEAK = YES;
				CLANG_WARN_BLOCK_CAPTURE_AUTORELEASING = YES;
				CLANG_WARN_BOOL_CONVERSION = YES;
				CLANG_WARN_COMMA = YES;
				CLANG_WARN_CONSTANT_CONVERSION = YES;
				CLANG_WARN_DEPRECATED_OBJC_IMPLEMENTATIONS = YES;
				CLANG_WARN_DIRECT_OBJC_ISA_USAGE = YES_ERROR;
				CLANG_WARN_DOCUMENTATION_COMMENTS = YES;
				CLANG_WARN_EMPTY_BODY = YES;
				CLANG_WARN_ENUM_CONVERSION = YES;
				CLANG_WARN_INFINITE_RECURSION = YES;
				CLANG_WARN_INT_CONVERSION = YES;
				CLANG_WARN_NON_LITERAL_NULL_CONVERSION = YES;
				CLANG_WARN_OBJC_IMPLICIT_RETAIN_SELF = YES;
				CLANG_WARN_OBJC_LITERAL_CONVERSION = YES;
				CLANG_WARN_OBJC_ROOT_CLASS = YES_ERROR;
				CLANG_WARN_QUOTED_INCLUDE_IN_FRAMEWORK_HEADER = YES;
				CLANG_WARN_RANGE_LOOP_ANALYSIS = YES;
				CLANG_WARN_STRICT_PROTOTYPES = YES;
				CLANG_WARN_SUSPICIOUS_MOVE = YES;
				CLANG_WARN_UNGUARDED_AVAILABILITY = YES_AGGRESSIVE;
				CLANG_WARN_UNREACHABLE_CODE = YES;
				CLANG_WARN__DUPLICATE_METHOD_MATCH = YES;
				COPY_PHASE_STRIP = NO;
				DEBUG_INFORMATION_FORMAT = "dwarf-with-dsym";
				ENABLE_NS_ASSERTIONS = NO;
				ENABLE_STRICT_OBJC_MSGSEND = YES;
				GCC_C_LANGUAGE_STANDARD = gnu11;
				GCC_NO_COMMON_BLOCKS = YES;
				GCC_WARN_64_TO_32_BIT_CONVERSION = YES;
				GCC_WARN_ABOUT_RETURN_TYPE = YES_ERROR;
				GCC_WARN_UNDECLARED_SELECTOR = YES;
				GCC_WARN_UNINITIALIZED_AUTOS = YES_AGGRESSIVE;
				GCC_WARN_UNUSED_FUNCTION = YES;
				GCC_WARN_UNUSED_VARIABLE = YES;
				IPHONEOS_DEPLOYMENT_TARGET = 26.0;
				MTL_ENABLE_DEBUG_INFO = NO;
				MTL_FAST_MATH = YES;
				PRODUCT_NAME = "$(TARGET_NAME)";
				SDKROOT = iphoneos;
				SWIFT_COMPILATION_MODE = wholemodule;
				SWIFT_OPTIMIZATION_LEVEL = "-O";
				SWIFT_VERSION = 5.0;
			};
			name = Release;
		};
		B6722B02BBFA64746616D7BD /* Release */ = {
			isa = XCBuildConfiguration;
			baseConfigurationReference = "TEMP_AE0B8A45-6609-4949-8A7A-77FF1AF7B743" /* Config.xcconfig */;
			buildSettings = {
				ASSETCATALOG_COMPILER_APPICON_NAME = AppIcon;
				CODE_SIGN_ENTITLEMENTS = Brian.entitlements;
				CODE_SIGN_IDENTITY = "iPhone Developer";
				CODE_SIGN_STYLE = Automatic;
				DEVELOPMENT_TEAM = 3386QS4N44;
				ENABLE_USER_SCRIPT_SANDBOXING = YES;
				INFOPLIST_FILE = Info.plist;
				LD_RUNPATH_SEARCH_PATHS = (
					"$(inherited)",
					"@executable_path/Frameworks",
				);
				PRODUCT_BUNDLE_IDENTIFIER = com.zeroist.app;
				PRODUCT_MODULE_NAME = Brian;
				PRODUCT_NAME = Zeroist;
				SDKROOT = iphoneos;
				SWIFT_STRICT_CONCURRENCY = minimal;
				SWIFT_VERSION = 5.0;
				TARGETED_DEVICE_FAMILY = 1;
			};
			name = Release;
		};
		EA025B21F11DCFD0598B3322 /* Debug */ = {
			isa = XCBuildConfiguration;
			baseConfigurationReference = "TEMP_AE0B8A45-6609-4949-8A7A-77FF1AF7B743" /* Config.xcconfig */;
			buildSettings = {
				ASSETCATALOG_COMPILER_APPICON_NAME = AppIcon;
				CODE_SIGN_ENTITLEMENTS = Brian.entitlements;
				CODE_SIGN_IDENTITY = "iPhone Developer";
				CODE_SIGN_STYLE = Automatic;
				DEVELOPMENT_TEAM = 3386QS4N44;
				ENABLE_USER_SCRIPT_SANDBOXING = YES;
				INFOPLIST_FILE = Info.plist;
				LD_RUNPATH_SEARCH_PATHS = (
					"$(inherited)",
					"@executable_path/Frameworks",
				);
				PRODUCT_BUNDLE_IDENTIFIER = com.zeroist.app;
				PRODUCT_MODULE_NAME = Brian;
				PRODUCT_NAME = Zeroist;
				SDKROOT = iphoneos;
				SWIFT_STRICT_CONCURRENCY = minimal;
				SWIFT_VERSION = 5.0;
				TARGETED_DEVICE_FAMILY = 1;
			};
			name = Debug;
		};
		FC3B9878A23B9284C803D2C8 /* Debug */ = {
			isa = XCBuildConfiguration;
			buildSettings = {
				ALWAYS_SEARCH_USER_PATHS = NO;
				CLANG_ANALYZER_NONNULL = YES;
				CLANG_ANALYZER_NUMBER_OBJECT_CONVERSION = YES_AGGRESSIVE;
				CLANG_CXX_LANGUAGE_STANDARD = "gnu++14";
				CLANG_CXX_LIBRARY = "libc++";
				CLANG_ENABLE_MODULES = YES;
				CLANG_ENABLE_OBJC_ARC = YES;
				CLANG_ENABLE_OBJC_WEAK = YES;
				CLANG_WARN_BLOCK_CAPTURE_AUTORELEASING = YES;
				CLANG_WARN_BOOL_CONVERSION = YES;
				CLANG_WARN_COMMA = YES;
				CLANG_WARN_CONSTANT_CONVERSION = YES;
				CLANG_WARN_DEPRECATED_OBJC_IMPLEMENTATIONS = YES;
				CLANG_WARN_DIRECT_OBJC_ISA_USAGE = YES_ERROR;
				CLANG_WARN_DOCUMENTATION_COMMENTS = YES;
				CLANG_WARN_EMPTY_BODY = YES;
				CLANG_WARN_ENUM_CONVERSION = YES;
				CLANG_WARN_INFINITE_RECURSION = YES;
				CLANG_WARN_INT_CONVERSION = YES;
				CLANG_WARN_NON_LITERAL_NULL_CONVERSION = YES;
				CLANG_WARN_OBJC_IMPLICIT_RETAIN_SELF = YES;
				CLANG_WARN_OBJC_LITERAL_CONVERSION = YES;
				CLANG_WARN_OBJC_ROOT_CLASS = YES_ERROR;
				CLANG_WARN_QUOTED_INCLUDE_IN_FRAMEWORK_HEADER = YES;
				CLANG_WARN_RANGE_LOOP_ANALYSIS = YES;
				CLANG_WARN_STRICT_PROTOTYPES = YES;
				CLANG_WARN_SUSPICIOUS_MOVE = YES;
				CLANG_WARN_UNGUARDED_AVAILABILITY = YES_AGGRESSIVE;
				CLANG_WARN_UNREACHABLE_CODE = YES;
				CLANG_WARN__DUPLICATE_METHOD_MATCH = YES;
				COPY_PHASE_STRIP = NO;
				DEBUG_INFORMATION_FORMAT = dwarf;
				ENABLE_STRICT_OBJC_MSGSEND = YES;
				ENABLE_TESTABILITY = YES;
				GCC_C_LANGUAGE_STANDARD = gnu11;
				GCC_DYNAMIC_NO_PIC = NO;
				GCC_NO_COMMON_BLOCKS = YES;
				GCC_OPTIMIZATION_LEVEL = 0;
				GCC_PREPROCESSOR_DEFINITIONS = (
					"$(inherited)",
					"DEBUG=1",
				);
				GCC_WARN_64_TO_32_BIT_CONVERSION = YES;
				GCC_WARN_ABOUT_RETURN_TYPE = YES_ERROR;
				GCC_WARN_UNDECLARED_SELECTOR = YES;
				GCC_WARN_UNINITIALIZED_AUTOS = YES_AGGRESSIVE;
				GCC_WARN_UNUSED_FUNCTION = YES;
				GCC_WARN_UNUSED_VARIABLE = YES;
				IPHONEOS_DEPLOYMENT_TARGET = 26.0;
				MTL_ENABLE_DEBUG_INFO = INCLUDE_SOURCE;
				MTL_FAST_MATH = YES;
				ONLY_ACTIVE_ARCH = YES;
				PRODUCT_NAME = "$(TARGET_NAME)";
				SDKROOT = iphoneos;
				SWIFT_ACTIVE_COMPILATION_CONDITIONS = DEBUG;
				SWIFT_OPTIMIZATION_LEVEL = "-Onone";
				SWIFT_VERSION = 5.0;
			};
			name = Debug;
		};
/* End XCBuildConfiguration section */

/* Begin XCConfigurationList section */
		974AB263BFAFDFFCCE84BC68 /* Build configuration list for PBXNativeTarget "Brian" */ = {
			isa = XCConfigurationList;
			buildConfigurations = (
				EA025B21F11DCFD0598B3322 /* Debug */,
				B6722B02BBFA64746616D7BD /* Release */,
			);
			defaultConfigurationIsVisible = 0;
			defaultConfigurationName = Debug;
		};
		BA12D12446D334BC378EA68D /* Build configuration list for PBXProject "Brian" */ = {
			isa = XCConfigurationList;
			buildConfigurations = (
				FC3B9878A23B9284C803D2C8 /* Debug */,
				8C5DC3ECFB7B5DA2A87117D9 /* Release */,
			);
			defaultConfigurationIsVisible = 0;
			defaultConfigurationName = Debug;
		};
		E717360B99945785DAD71907 /* Build configuration list for PBXNativeTarget "BrianTests" */ = {
			isa = XCConfigurationList;
			buildConfigurations = (
				7DD75008139FE3C11CE53998 /* Debug */,
				459DDC7D7E4CFE83F98F33F7 /* Release */,
			);
			defaultConfigurationIsVisible = 0;
			defaultConfigurationName = Debug;
		};
/* End XCConfigurationList section */

/* Begin XCRemoteSwiftPackageReference section */
		FF7847C137B29DBD15C52114 /* XCRemoteSwiftPackageReference "meta-wearables-dat-ios" */ = {
			isa = XCRemoteSwiftPackageReference;
			repositoryURL = "https://github.com/facebook/meta-wearables-dat-ios";
			requirement = {
				kind = upToNextMajorVersion;
				minimumVersion = 1.0.0;
			};
		};
/* End XCRemoteSwiftPackageReference section */

/* Begin XCSwiftPackageProductDependency section */
		5790B1A5E7F806A634FA4D98 /* MWDATMockDevice */ = {
			isa = XCSwiftPackageProductDependency;
			package = FF7847C137B29DBD15C52114 /* XCRemoteSwiftPackageReference "meta-wearables-dat-ios" */;
			productName = MWDATMockDevice;
		};
		6E49898F82EA9C2AD4A9EFD6 /* MWDATCamera */ = {
			isa = XCSwiftPackageProductDependency;
			package = FF7847C137B29DBD15C52114 /* XCRemoteSwiftPackageReference "meta-wearables-dat-ios" */;
			productName = MWDATCamera;
		};
		BB7E7E146200D0E3FAB56B31 /* MWDATCore */ = {
			isa = XCSwiftPackageProductDependency;
			package = FF7847C137B29DBD15C52114 /* XCRemoteSwiftPackageReference "meta-wearables-dat-ios" */;
			productName = MWDATCore;
		};
/* End XCSwiftPackageProductDependency section */
	};
	rootObject = B56F8C57D2370E6A441491BD /* Project object */;
}
